{
  "name": "javascript-prolog",
  "version": "1.0.0",
  "lockfileVersion": 3,
  "requires": true,
  "packages": {
    "": {
      "name": "javascript-prolog",
      "version": "1.0.0",
      "license": "ISC",
      "dependencies": {
        "tau-prolog": "^0.3.4"
      }
    },
    "node_modules/readline-sync": {
      "version": "1.4.9",
      "license": "MIT",
      "engines": {
        "node": ">= 0.8.0"
      }
    },
    "node_modules/tau-prolog": {
      "version": "0.3.4",
      "license": "BSD-3-Clause",
      "dependencies": {
        "readline-sync": "1.4.9"
      }
    }
  }
}
